{
    "_readme": [
        "This file locks the dependencies of your project to a known state",
        "Read more about it at https://getcomposer.org/doc/01-basic-usage.md#installing-dependencies",
        "This file is @generated automatically"
    ],
    "content-hash": "75a93e772b96043fed9b650d43c0c1a1",
    "packages": [
        {
            "name": "nikic/php-parser",
            "version": "v5.4.0",
            "source": {
                "type": "git",
                "url": "https://github.com/nikic/PHP-Parser.git",
                "reference": "447a020a1f875a434d62f2a401f53b82a396e494"
            },
            "dist": {
                "type": "zip",
                "url": "https://api.github.com/repos/nikic/PHP-Parser/zipball/447a020a1f875a434d62f2a401f53b82a396e494",
                "reference": "447a020a1f875a434d62f2a401f53b82a396e494",
                "shasum": ""
            },
            "require": {
                "ext-ctype": "*",
                "ext-json": "*",
                "ext-tokenizer": "*",
                "php": ">=7.4"
            },
            "require-dev": {
                "ircmaxell/php-yacc": "^0.0.7",
                "phpunit/phpunit": "^9.0"
            },
            "bin": [
                "bin/php-parse"
            ],
            "type": "library",
            "extra": {
                "branch-alias": {
                    "dev-master": "5.0-dev"
                }
            },
            "autoload": {
                "psr-4": {
                    "PhpParser\\": "lib/PhpParser"
                }
            },
            "notification-url": "https://packagist.org/downloads/",
            "license": [
                "BSD-3-Clause"
            ],
            "authors": [
                {
                    "name": "Nikita Popov"
                }
            ],
            "description": "A PHP parser written in PHP",
            "keywords": [
                "parser",
                "php"
            ],
            "support": {
                "issues": "https://github.com/nikic/PHP-Parser/issues",
                "source": "https://github.com/nikic/PHP-Parser/tree/v5.4.0"
            },
            "time": "2024-12-30T11:07:19+00:00"
        },
        {
            "name": "viewi/icons",
            "version": "v1.1.2",
            "source": {
                "type": "git",
                "url": "https://github.com/viewi/icons.git",
                "reference": "696fa00b8eb8163db8e6d4a1d0dc42de25c4f2df"
            },
            "dist": {
                "type": "zip",
                "url": "https://api.github.com/repos/viewi/icons/zipball/696fa00b8eb8163db8e6d4a1d0dc42de25c4f2df",
                "reference": "696fa00b8eb8163db8e6d4a1d0dc42de25c4f2df",
                "shasum": ""
            },
            "require": {
                "viewi/viewi": "^2.4"
            },
            "type": "library",
            "autoload": {
                "psr-4": {
                    "Viewi\\Icons\\": "src/Components/"
                }
            },
            "notification-url": "https://packagist.org/downloads/",
            "license": [
                "MIT"
            ],
            "authors": [
                {
                    "name": "Ivan Voitovych",
                    "email": "col606v@gmail.com"
                }
            ],
            "description": "SVG icons package for Viewi",
            "support": {
                "issues": "https://github.com/viewi/icons/issues",
                "source": "https://github.com/viewi/icons/tree/v1.1.2"
            },
            "time": "2025-01-14T10:20:48+00:00"
        },
        {
            "name": "viewi/viewi",
            "version": "v2.6.0",
            "source": {
                "type": "git",
                "url": "https://github.com/viewi/viewi.git",
                "reference": "63b7307dd5722c50567d1f7647ad50b06572ac9f"
            },
            "dist": {
                "type": "zip",
                "url": "https://api.github.com/repos/viewi/viewi/zipball/63b7307dd5722c50567d1f7647ad50b06572ac9f",
                "reference": "63b7307dd5722c50567d1f7647ad50b06572ac9f",
                "shasum": ""
            },
            "require": {
                "ext-ctype": "*",
                "ext-curl": "*",
                "ext-json": "*",
                "ext-zlib": "*",
                "nikic/php-parser": "^5.3",
                "php": "^8.0"
            },
            "require-dev": {
                "codeception/codeception": "^5.0",
                "codeception/module-asserts": "*",
                "codeception/module-phpbrowser": "*"
            },
            "bin": [
                "bin/viewi"
            ],
            "type": "library",
            "autoload": {
                "psr-4": {
                    "Viewi\\": "src/Viewi/"
                }
            },
            "notification-url": "https://packagist.org/downloads/",
            "license": [
                "MIT"
            ],
            "authors": [
                {
                    "name": "Ivan Voitovych",
                    "email": "col606v@gmail.com"
                }
            ],
            "description": "Powerful tool for building progressive and completely reactive web applications",
            "keywords": [
                "reactive",
                "template",
                "ui",
                "viewi"
            ],
            "support": {
                "issues": "https://github.com/viewi/viewi/issues",
                "source": "https://github.com/viewi/viewi/tree/v2.6.0"
            },
            "funding": [
                {
                    "url": "https://www.buymeacoffee.com/ivan.v",
                    "type": "custom"
                }
            ],
            "time": "2025-02-06T08:04:58+00:00"
        }
    ],
    "packages-dev": [],
    "aliases": [],
    "minimum-stability": "stable",
    "stability-flags": [],
    "prefer-stable": false,
    "prefer-lowest": false,
    "platform": [],
    "platform-dev": [],
    "plugin-api-version": "2.2.0"
}
